
Microsoft Visual Studio Solution File, Format Version 12.00
# Visual Studio Version 16
VisualStudioVersion = 16.0.30611.23
MinimumVisualStudioVersion = 10.0.40219.1
Project("{00D1A9C2-B5F0-4AF3-8072-F6C62B433612}") = "Backend.Database", "Backend.Database.sqlproj", "{2266680E-9BDE-4B03-8DDD-9C9B746181A6}"
EndProject
Global
	GlobalSection(SolutionConfigurationPlatforms) = preSolution
		Debug|Any CPU = Debug|Any CPU
		Release|Any CPU = Release|Any CPU
	EndGlobalSection
	GlobalSection(ProjectConfigurationPlatforms) = postSolution
		{2266680E-9BDE-4B03-8DDD-9C9B746181A6}.Debug|Any CPU.ActiveCfg = Debug|Any CPU
		{2266680E-9BDE-4B03-8DDD-9C9B746181A6}.Debug|Any CPU.Build.0 = Debug|Any CPU
		{2266680E-9BDE-4B03-8DDD-9C9B746181A6}.Debug|Any CPU.Deploy.0 = Debug|Any CPU
		{2266680E-9BDE-4B03-8DDD-9C9B746181A6}.Release|Any CPU.ActiveCfg = Release|Any CPU
		{2266680E-9BDE-4B03-8DDD-9C9B746181A6}.Release|Any CPU.Build.0 = Release|Any CPU
		{2266680E-9BDE-4B03-8DDD-9C9B746181A6}.Release|Any CPU.Deploy.0 = Release|Any CPU
	EndGlobalSection
	GlobalSection(SolutionProperties) = preSolution
		HideSolutionNode = FALSE
	EndGlobalSection
	GlobalSection(ExtensibilityGlobals) = postSolution
		SolutionGuid = {4F8FAD47-6A27-4871-8AA0-82967D29E361}
	EndGlobalSection
EndGlobal
